
Microsoft Visual Studio Solution File, Format Version 12.00
# Visual Studio Version 17
VisualStudioVersion = 17.12.35527.113
MinimumVisualStudioVersion = 10.0.40219.1
Project("{FAE04EC0-301F-11D3-BF4B-00C04F79EFBC}") = "MCS.FOI.Integration.API", "MCS.FOI.Integration.API\MCS.FOI.Integration.API.csproj", "{A98B0812-2A86-4A52-BDEE-F44B48559F72}"
EndProject
Project("{FAE04EC0-301F-11D3-BF4B-00C04F79EFBC}") = "MCS.FOI.Integration.Application", "MCS.FOI.Integration.Application\MCS.FOI.Integration.Application.csproj", "{74CB809C-C6B6-4739-97CE-3AA2CB7F4636}"
EndProject
Project("{FAE04EC0-301F-11D3-BF4B-00C04F79EFBC}") = "MCS.FOI.Integration.Infrastructure", "MCS.FOI.Integration.Infrastructure\MCS.FOI.Integration.Infrastructure.csproj", "{AB2E6772-4231-4967-970B-592B94E36A56}"
EndProject
Project("{FAE04EC0-301F-11D3-BF4B-00C04F79EFBC}") = "MCS.FOI.Integration.Core", "MCS.FOI.Integration.Core\MCS.FOI.Integration.Core.csproj", "{4D48EC55-8D99-47FB-AC59-34B02F196B9A}"
EndProject
Global
	GlobalSection(SolutionConfigurationPlatforms) = preSolution
		Debug|Any CPU = Debug|Any CPU
		Release|Any CPU = Release|Any CPU
	EndGlobalSection
	GlobalSection(ProjectConfigurationPlatforms) = postSolution
		{A98B0812-2A86-4A52-BDEE-F44B48559F72}.Debug|Any CPU.ActiveCfg = Debug|Any CPU
		{A98B0812-2A86-4A52-BDEE-F44B48559F72}.Debug|Any CPU.Build.0 = Debug|Any CPU
		{A98B0812-2A86-4A52-BDEE-F44B48559F72}.Release|Any CPU.ActiveCfg = Release|Any CPU
		{A98B0812-2A86-4A52-BDEE-F44B48559F72}.Release|Any CPU.Build.0 = Release|Any CPU
		{74CB809C-C6B6-4739-97CE-3AA2CB7F4636}.Debug|Any CPU.ActiveCfg = Debug|Any CPU
		{74CB809C-C6B6-4739-97CE-3AA2CB7F4636}.Debug|Any CPU.Build.0 = Debug|Any CPU
		{74CB809C-C6B6-4739-97CE-3AA2CB7F4636}.Release|Any CPU.ActiveCfg = Release|Any CPU
		{74CB809C-C6B6-4739-97CE-3AA2CB7F4636}.Release|Any CPU.Build.0 = Release|Any CPU
		{AB2E6772-4231-4967-970B-592B94E36A56}.Debug|Any CPU.ActiveCfg = Debug|Any CPU
		{AB2E6772-4231-4967-970B-592B94E36A56}.Debug|Any CPU.Build.0 = Debug|Any CPU
		{AB2E6772-4231-4967-970B-592B94E36A56}.Release|Any CPU.ActiveCfg = Release|Any CPU
		{AB2E6772-4231-4967-970B-592B94E36A56}.Release|Any CPU.Build.0 = Release|Any CPU
		{4D48EC55-8D99-47FB-AC59-34B02F196B9A}.Debug|Any CPU.ActiveCfg = Debug|Any CPU
		{4D48EC55-8D99-47FB-AC59-34B02F196B9A}.Debug|Any CPU.Build.0 = Debug|Any CPU
		{4D48EC55-8D99-47FB-AC59-34B02F196B9A}.Release|Any CPU.ActiveCfg = Release|Any CPU
		{4D48EC55-8D99-47FB-AC59-34B02F196B9A}.Release|Any CPU.Build.0 = Release|Any CPU
	EndGlobalSection
	GlobalSection(SolutionProperties) = preSolution
		HideSolutionNode = FALSE
	EndGlobalSection
EndGlobal
