
Microsoft Visual Studio Solution File, Format Version 12.00
# Visual Studio Version 17
VisualStudioVersion = 17.4.33213.308
MinimumVisualStudioVersion = 10.0.40219.1
Project("{9A19103F-16F7-4668-BE54-9A1E7A4F7556}") = "FOIMOD.CFD.ConsoleApp.DocMigration", "FOIMOD.CFD.ConsoleApp.DocMigration\FOIMOD.CFD.ConsoleApp.DocMigration.csproj", "{F3EE4F36-2422-4F11-ADEA-8455BA9B7A27}"
EndProject
Project("{9A19103F-16F7-4668-BE54-9A1E7A4F7556}") = "FOIMOD.CFD.DocMigration.AXIS.DAL", "FOIMOD.CFD.DocMigration.DAL\FOIMOD.CFD.DocMigration.AXIS.DAL.csproj", "{F63AE4FE-892B-40EB-8D88-3BC3433A0FF5}"
EndProject
Project("{9A19103F-16F7-4668-BE54-9A1E7A4F7556}") = "FOIMOD.CFD.DocMigration.S3Uploader", "FOIMOD.CFD.DocMigration.S3Uploader\FOIMOD.CFD.DocMigration.S3Uploader.csproj", "{59E9C03A-DE05-48ED-8B16-252CC23DB5E6}"
EndProject
Project("{9A19103F-16F7-4668-BE54-9A1E7A4F7556}") = "FOIMOD.CFD.DocMigration.FOIFLOW.DAL", "FOIMOD.CFD.DocMigration.FOIFLOW.DAL\FOIMOD.CFD.DocMigration.FOIFLOW.DAL.csproj", "{F2A928AC-15B5-4124-95D1-E7706000EFB4}"
EndProject
Project("{9A19103F-16F7-4668-BE54-9A1E7A4F7556}") = "FOIMOD.CFD.DocMigration.BAL", "FOIMOD.CFD.DocMigration.BAL\FOIMOD.CFD.DocMigration.BAL.csproj", "{FF7CB66C-60A6-4130-919A-3DBECB869CAE}"
EndProject
Project("{9A19103F-16F7-4668-BE54-9A1E7A4F7556}") = "FOIMOD.CFD.DocMigration.Utils", "FOIMOD.CFD.DocMigration.Utils\FOIMOD.CFD.DocMigration.Utils.csproj", "{68B638B6-9118-48CE-AC5A-A1D00265B653}"
EndProject
Project("{9A19103F-16F7-4668-BE54-9A1E7A4F7556}") = "FOIMOD.CFD.DocMigration.Models", "FOIMOD.CFD.DocMigration.Models\FOIMOD.CFD.DocMigration.Models.csproj", "{AC053E49-6F19-4F5D-AF91-DA6CFD4C4D74}"
EndProject
Project("{9A19103F-16F7-4668-BE54-9A1E7A4F7556}") = "FOIMOD.CFD.DocMigration.Utils.UnitTests", "FOIMOD.CFD.DocMigration.Utils.UnitTests\FOIMOD.CFD.DocMigration.Utils.UnitTests.csproj", "{9D27E50C-7209-4BDB-9379-627A7CD9B2FA}"
EndProject
Project("{9A19103F-16F7-4668-BE54-9A1E7A4F7556}") = "FOIMOD.CFD.DocMigration.AXIS.DAL.UnitTests", "FOIMOD.CFD.DocMigration.AXIS.DAL.UnitTests\FOIMOD.CFD.DocMigration.AXIS.DAL.UnitTests.csproj", "{4402E37D-BA96-4C9C-9AD2-78A866D9C2E6}"
EndProject
Project("{FAE04EC0-301F-11D3-BF4B-00C04F79EFBC}") = "FOIMOD.CFD.DocMigration.FOIFLOW.DAL.Tests", "FOIMOD.CFD.DocMigration.FOIFLOW.DAL.Tests\FOIMOD.CFD.DocMigration.FOIFLOW.DAL.Tests.csproj", "{E964523D-91C1-4E1C-860F-52E57E826E16}"
EndProject
Global
	GlobalSection(SolutionConfigurationPlatforms) = preSolution
		Debug|Any CPU = Debug|Any CPU
		Release|Any CPU = Release|Any CPU
	EndGlobalSection
	GlobalSection(ProjectConfigurationPlatforms) = postSolution
		{F3EE4F36-2422-4F11-ADEA-8455BA9B7A27}.Debug|Any CPU.ActiveCfg = Debug|Any CPU
		{F3EE4F36-2422-4F11-ADEA-8455BA9B7A27}.Debug|Any CPU.Build.0 = Debug|Any CPU
		{F3EE4F36-2422-4F11-ADEA-8455BA9B7A27}.Release|Any CPU.ActiveCfg = Release|Any CPU
		{F3EE4F36-2422-4F11-ADEA-8455BA9B7A27}.Release|Any CPU.Build.0 = Release|Any CPU
		{F63AE4FE-892B-40EB-8D88-3BC3433A0FF5}.Debug|Any CPU.ActiveCfg = Debug|Any CPU
		{F63AE4FE-892B-40EB-8D88-3BC3433A0FF5}.Debug|Any CPU.Build.0 = Debug|Any CPU
		{F63AE4FE-892B-40EB-8D88-3BC3433A0FF5}.Release|Any CPU.ActiveCfg = Release|Any CPU
		{F63AE4FE-892B-40EB-8D88-3BC3433A0FF5}.Release|Any CPU.Build.0 = Release|Any CPU
		{59E9C03A-DE05-48ED-8B16-252CC23DB5E6}.Debug|Any CPU.ActiveCfg = Debug|Any CPU
		{59E9C03A-DE05-48ED-8B16-252CC23DB5E6}.Debug|Any CPU.Build.0 = Debug|Any CPU
		{59E9C03A-DE05-48ED-8B16-252CC23DB5E6}.Release|Any CPU.ActiveCfg = Release|Any CPU
		{59E9C03A-DE05-48ED-8B16-252CC23DB5E6}.Release|Any CPU.Build.0 = Release|Any CPU
		{F2A928AC-15B5-4124-95D1-E7706000EFB4}.Debug|Any CPU.ActiveCfg = Debug|Any CPU
		{F2A928AC-15B5-4124-95D1-E7706000EFB4}.Debug|Any CPU.Build.0 = Debug|Any CPU
		{F2A928AC-15B5-4124-95D1-E7706000EFB4}.Release|Any CPU.ActiveCfg = Release|Any CPU
		{F2A928AC-15B5-4124-95D1-E7706000EFB4}.Release|Any CPU.Build.0 = Release|Any CPU
		{FF7CB66C-60A6-4130-919A-3DBECB869CAE}.Debug|Any CPU.ActiveCfg = Debug|Any CPU
		{FF7CB66C-60A6-4130-919A-3DBECB869CAE}.Debug|Any CPU.Build.0 = Debug|Any CPU
		{FF7CB66C-60A6-4130-919A-3DBECB869CAE}.Release|Any CPU.ActiveCfg = Release|Any CPU
		{FF7CB66C-60A6-4130-919A-3DBECB869CAE}.Release|Any CPU.Build.0 = Release|Any CPU
		{68B638B6-9118-48CE-AC5A-A1D00265B653}.Debug|Any CPU.ActiveCfg = Debug|Any CPU
		{68B638B6-9118-48CE-AC5A-A1D00265B653}.Debug|Any CPU.Build.0 = Debug|Any CPU
		{68B638B6-9118-48CE-AC5A-A1D00265B653}.Release|Any CPU.ActiveCfg = Release|Any CPU
		{68B638B6-9118-48CE-AC5A-A1D00265B653}.Release|Any CPU.Build.0 = Release|Any CPU
		{AC053E49-6F19-4F5D-AF91-DA6CFD4C4D74}.Debug|Any CPU.ActiveCfg = Debug|Any CPU
		{AC053E49-6F19-4F5D-AF91-DA6CFD4C4D74}.Debug|Any CPU.Build.0 = Debug|Any CPU
		{AC053E49-6F19-4F5D-AF91-DA6CFD4C4D74}.Release|Any CPU.ActiveCfg = Release|Any CPU
		{AC053E49-6F19-4F5D-AF91-DA6CFD4C4D74}.Release|Any CPU.Build.0 = Release|Any CPU
		{9D27E50C-7209-4BDB-9379-627A7CD9B2FA}.Debug|Any CPU.ActiveCfg = Debug|Any CPU
		{9D27E50C-7209-4BDB-9379-627A7CD9B2FA}.Debug|Any CPU.Build.0 = Debug|Any CPU
		{9D27E50C-7209-4BDB-9379-627A7CD9B2FA}.Release|Any CPU.ActiveCfg = Release|Any CPU
		{9D27E50C-7209-4BDB-9379-627A7CD9B2FA}.Release|Any CPU.Build.0 = Release|Any CPU
		{4402E37D-BA96-4C9C-9AD2-78A866D9C2E6}.Debug|Any CPU.ActiveCfg = Debug|Any CPU
		{4402E37D-BA96-4C9C-9AD2-78A866D9C2E6}.Debug|Any CPU.Build.0 = Debug|Any CPU
		{4402E37D-BA96-4C9C-9AD2-78A866D9C2E6}.Release|Any CPU.ActiveCfg = Release|Any CPU
		{4402E37D-BA96-4C9C-9AD2-78A866D9C2E6}.Release|Any CPU.Build.0 = Release|Any CPU
		{E964523D-91C1-4E1C-860F-52E57E826E16}.Debug|Any CPU.ActiveCfg = Debug|Any CPU
		{E964523D-91C1-4E1C-860F-52E57E826E16}.Debug|Any CPU.Build.0 = Debug|Any CPU
		{E964523D-91C1-4E1C-860F-52E57E826E16}.Release|Any CPU.ActiveCfg = Release|Any CPU
		{E964523D-91C1-4E1C-860F-52E57E826E16}.Release|Any CPU.Build.0 = Release|Any CPU
	EndGlobalSection
	GlobalSection(SolutionProperties) = preSolution
		HideSolutionNode = FALSE
	EndGlobalSection
	GlobalSection(ExtensibilityGlobals) = postSolution
		SolutionGuid = {ED380BD1-F2BB-40F6-A8D3-12308661A924}
	EndGlobalSection
EndGlobal
